// !$*UTF8*$!
{
	archiveVersion = 1;
	classes = {
	};
	objectVersion = 46;
	objects = {

/* Begin PBXBuildFile section */
		5847E01A1DF7B10E00995ABE /* main.m in Sources */ = {isa = PBXBuildFile; fileRef = 5847E0191DF7B10E00995ABE /* main.m */; };
		5847E01D1DF7B10E00995ABE /* AppDelegate.m in Sources */ = {isa = PBXBuildFile; fileRef = 5847E01C1DF7B10E00995ABE /* AppDelegate.m */; };
		5847E0231DF7B10E00995ABE /* Main.storyboard in Resources */ = {isa = PBXBuildFile; fileRef = 5847E0211DF7B10E00995ABE /* Main.storyboard */; };
		5847E0251DF7B10E00995ABE /* Assets.xcassets in Resources */ = {isa = PBXBuildFile; fileRef = 5847E0241DF7B10E00995ABE /* Assets.xcassets */; };
		5847E0281DF7B10E00995ABE /* LaunchScreen.storyboard in Resources */ = {isa = PBXBuildFile; fileRef = 5847E0261DF7B10E00995ABE /* LaunchScreen.storyboard */; };
		5847E0431DF7B71400995ABE /* DSSkillDetailViewController.m in Sources */ = {isa = PBXBuildFile; fileRef = 5847E0421DF7B71400995ABE /* DSSkillDetailViewController.m */; };
		5847E0461DF7B73E00995ABE /* DSTabBarController.m in Sources */ = {isa = PBXBuildFile; fileRef = 5847E0441DF7B73E00995ABE /* DSTabBarController.m */; };
		5847E0491DF7B76100995ABE /* DSBaseViewController.m in Sources */ = {isa = PBXBuildFile; fileRef = 5847E0471DF7B76100995ABE /* DSBaseViewController.m */; };
		5847E04C1DF7B79F00995ABE /* DSSkillHistoryViewController.m in Sources */ = {isa = PBXBuildFile; fileRef = 5847E04B1DF7B79F00995ABE /* DSSkillHistoryViewController.m */; };
		5847E04F1DF7B7CB00995ABE /* DSSkillPointViewController.m in Sources */ = {isa = PBXBuildFile; fileRef = 5847E04E1DF7B7CB00995ABE /* DSSkillPointViewController.m */; };
		5847E0521DF7E66F00995ABE /* DSBaseCell.m in Sources */ = {isa = PBXBuildFile; fileRef = 5847E0511DF7E66F00995ABE /* DSBaseCell.m */; };
		5847E0581DF7E7B000995ABE /* DSTableDetailCell.m in Sources */ = {isa = PBXBuildFile; fileRef = 5847E0571DF7E7B000995ABE /* DSTableDetailCell.m */; };
		5847E05E1DF7F03200995ABE /* UIImage+Common.m in Sources */ = {isa = PBXBuildFile; fileRef = 5847E05D1DF7F03200995ABE /* UIImage+Common.m */; };
		5847E0611DF7FCD800995ABE /* DSTableHeaderView.m in Sources */ = {isa = PBXBuildFile; fileRef = 5847E0601DF7FCD800995ABE /* DSTableHeaderView.m */; };
		5847E0641DF8005000995ABE /* DSSkillDetailItem.m in Sources */ = {isa = PBXBuildFile; fileRef = 5847E0631DF8005000995ABE /* DSSkillDetailItem.m */; };
		5847E0671DF80D0500995ABE /* DSTableSkillPointCell.m in Sources */ = {isa = PBXBuildFile; fileRef = 5847E0661DF80D0500995ABE /* DSTableSkillPointCell.m */; };
		5847E06D1DF80DE300995ABE /* DSTableSkillPointCellItem.m in Sources */ = {isa = PBXBuildFile; fileRef = 5847E06B1DF80DE300995ABE /* DSTableSkillPointCellItem.m */; };
		5847E0711DF964D700995ABE /* DSJobSkillPointViewController.m in Sources */ = {isa = PBXBuildFile; fileRef = 5847E0701DF964D700995ABE /* DSJobSkillPointViewController.m */; };
		5847E0771DFE3E6600995ABE /* DSTableJobLevelCell.m in Sources */ = {isa = PBXBuildFile; fileRef = 5847E0761DFE3E6600995ABE /* DSTableJobLevelCell.m */; };
		5847E07A1DFE3F4800995ABE /* DSTableJobLevelCellItem.m in Sources */ = {isa = PBXBuildFile; fileRef = 5847E0791DFE3F4800995ABE /* DSTableJobLevelCellItem.m */; };
		5847E07D1DFE45CF00995ABE /* DSJobLevelSettingViewController.m in Sources */ = {isa = PBXBuildFile; fileRef = 5847E07C1DFE45CF00995ABE /* DSJobLevelSettingViewController.m */; };
		5847E0801DFE969A00995ABE /* DSSkillPointSettingViewController.m in Sources */ = {isa = PBXBuildFile; fileRef = 5847E07F1DFE969A00995ABE /* DSSkillPointSettingViewController.m */; };
		5847E0851DFE980300995ABE /* DZNSegmentedControl.m in Sources */ = {isa = PBXBuildFile; fileRef = 5847E0841DFE980300995ABE /* DZNSegmentedControl.m */; };
		5847E0881DFE9E7500995ABE /* DSTableSkillPointSettingCell.m in Sources */ = {isa = PBXBuildFile; fileRef = 5847E0871DFE9E7500995ABE /* DSTableSkillPointSettingCell.m */; };
		5847E08B1DFEC6C500995ABE /* DSGlobalJobInfo.m in Sources */ = {isa = PBXBuildFile; fileRef = 5847E08A1DFEC6C500995ABE /* DSGlobalJobInfo.m */; };
		5847E08E1E00090000995ABE /* DSTableSkillPointSettingCellItem.m in Sources */ = {isa = PBXBuildFile; fileRef = 5847E08D1E00090000995ABE /* DSTableSkillPointSettingCellItem.m */; };
		5847E0911E0214C800995ABE /* DSTableSkillPointSettingUnusedCell.m in Sources */ = {isa = PBXBuildFile; fileRef = 5847E0901E0214C800995ABE /* DSTableSkillPointSettingUnusedCell.m */; };
		5847E0941E02341B00995ABE /* DSTableSkillPointSettingFooterCell.m in Sources */ = {isa = PBXBuildFile; fileRef = 5847E0931E02341B00995ABE /* DSTableSkillPointSettingFooterCell.m */; };
		58D40C2A1DFFB79700F9A520 /* DSGlobalSkillInfo.m in Sources */ = {isa = PBXBuildFile; fileRef = 58D40C291DFFB79700F9A520 /* DSGlobalSkillInfo.m */; };
		EAE3AC85618B130CE7AE216A /* libPods-dqxSkillSmltr.a in Frameworks */ = {isa = PBXBuildFile; fileRef = CBCF237399FB5CB14169E76F /* libPods-dqxSkillSmltr.a */; };
/* End PBXBuildFile section */

/* Begin PBXFileReference section */
		0BDBCB92757387FC10ECA767 /* Pods-dqxSkillSmltr.release.xcconfig */ = {isa = PBXFileReference; includeInIndex = 1; lastKnownFileType = text.xcconfig; name = "Pods-dqxSkillSmltr.release.xcconfig"; path = "Pods/Target Support Files/Pods-dqxSkillSmltr/Pods-dqxSkillSmltr.release.xcconfig"; sourceTree = "<group>"; };
		198A39D73A5F316988FBED67 /* Pods-dqxSkillSmltr.debug.xcconfig */ = {isa = PBXFileReference; includeInIndex = 1; lastKnownFileType = text.xcconfig; name = "Pods-dqxSkillSmltr.debug.xcconfig"; path = "Pods/Target Support Files/Pods-dqxSkillSmltr/Pods-dqxSkillSmltr.debug.xcconfig"; sourceTree = "<group>"; };
		5847E0151DF7B10E00995ABE /* dqxSkillSmltr.app */ = {isa = PBXFileReference; explicitFileType = wrapper.application; includeInIndex = 0; path = dqxSkillSmltr.app; sourceTree = BUILT_PRODUCTS_DIR; };
		5847E0191DF7B10E00995ABE /* main.m */ = {isa = PBXFileReference; lastKnownFileType = sourcecode.c.objc; path = main.m; sourceTree = "<group>"; };
		5847E01B1DF7B10E00995ABE /* AppDelegate.h */ = {isa = PBXFileReference; lastKnownFileType = sourcecode.c.h; path = AppDelegate.h; sourceTree = "<group>"; };
		5847E01C1DF7B10E00995ABE /* AppDelegate.m */ = {isa = PBXFileReference; lastKnownFileType = sourcecode.c.objc; path = AppDelegate.m; sourceTree = "<group>"; };
		5847E0221DF7B10E00995ABE /* Base */ = {isa = PBXFileReference; lastKnownFileType = file.storyboard; name = Base; path = Base.lproj/Main.storyboard; sourceTree = "<group>"; };
		5847E0241DF7B10E00995ABE /* Assets.xcassets */ = {isa = PBXFileReference; lastKnownFileType = folder.assetcatalog; path = Assets.xcassets; sourceTree = "<group>"; };
		5847E0271DF7B10E00995ABE /* Base */ = {isa = PBXFileReference; lastKnownFileType = file.storyboard; name = Base; path = Base.lproj/LaunchScreen.storyboard; sourceTree = "<group>"; };
		5847E0291DF7B10E00995ABE /* Info.plist */ = {isa = PBXFileReference; lastKnownFileType = text.plist.xml; path = Info.plist; sourceTree = "<group>"; };
		5847E0411DF7B6FD00995ABE /* DSSkillDetailViewController.h */ = {isa = PBXFileReference; lastKnownFileType = sourcecode.c.h; name = DSSkillDetailViewController.h; path = ViewControllers/SkillDetail/DSSkillDetailViewController.h; sourceTree = "<group>"; };
		5847E0421DF7B71400995ABE /* DSSkillDetailViewController.m */ = {isa = PBXFileReference; fileEncoding = 4; lastKnownFileType = sourcecode.c.objc; name = DSSkillDetailViewController.m; path = ViewControllers/SkillDetail/DSSkillDetailViewController.m; sourceTree = "<group>"; };
		5847E0441DF7B73E00995ABE /* DSTabBarController.m */ = {isa = PBXFileReference; fileEncoding = 4; lastKnownFileType = sourcecode.c.objc; name = DSTabBarController.m; path = ViewControllers/TabBar/DSTabBarController.m; sourceTree = "<group>"; };
		5847E0451DF7B73E00995ABE /* DSTabBarController.h */ = {isa = PBXFileReference; fileEncoding = 4; lastKnownFileType = sourcecode.c.h; name = DSTabBarController.h; path = ViewControllers/TabBar/DSTabBarController.h; sourceTree = "<group>"; };
		5847E0471DF7B76100995ABE /* DSBaseViewController.m */ = {isa = PBXFileReference; fileEncoding = 4; lastKnownFileType = sourcecode.c.objc; name = DSBaseViewController.m; path = ViewControllers/Base/DSBaseViewController.m; sourceTree = "<group>"; };
		5847E0481DF7B76100995ABE /* DSBaseViewController.h */ = {isa = PBXFileReference; fileEncoding = 4; lastKnownFileType = sourcecode.c.h; name = DSBaseViewController.h; path = ViewControllers/Base/DSBaseViewController.h; sourceTree = "<group>"; };
		5847E04A1DF7B79200995ABE /* DSSkillHistoryViewController.h */ = {isa = PBXFileReference; lastKnownFileType = sourcecode.c.h; name = DSSkillHistoryViewController.h; path = ViewControllers/SkillHistory/DSSkillHistoryViewController.h; sourceTree = "<group>"; };
		5847E04B1DF7B79F00995ABE /* DSSkillHistoryViewController.m */ = {isa = PBXFileReference; fileEncoding = 4; lastKnownFileType = sourcecode.c.objc; name = DSSkillHistoryViewController.m; path = ViewControllers/SkillHistory/DSSkillHistoryViewController.m; sourceTree = "<group>"; };
		5847E04D1DF7B7BD00995ABE /* DSSkillPointViewController.h */ = {isa = PBXFileReference; lastKnownFileType = sourcecode.c.h; name = DSSkillPointViewController.h; path = ViewControllers/SkillPoint/DSSkillPointViewController.h; sourceTree = "<group>"; };
		5847E04E1DF7B7CB00995ABE /* DSSkillPointViewController.m */ = {isa = PBXFileReference; fileEncoding = 4; lastKnownFileType = sourcecode.c.objc; name = DSSkillPointViewController.m; path = ViewControllers/SkillPoint/DSSkillPointViewController.m; sourceTree = "<group>"; };
		5847E0501DF7E65E00995ABE /* DSBaseCell.h */ = {isa = PBXFileReference; lastKnownFileType = sourcecode.c.h; name = DSBaseCell.h; path = CustomViews/Base/DSBaseCell.h; sourceTree = "<group>"; };
		5847E0511DF7E66F00995ABE /* DSBaseCell.m */ = {isa = PBXFileReference; fileEncoding = 4; lastKnownFileType = sourcecode.c.objc; name = DSBaseCell.m; path = CustomViews/Base/DSBaseCell.m; sourceTree = "<group>"; };
		5847E0561DF7E7A400995ABE /* DSTableDetailCell.h */ = {isa = PBXFileReference; lastKnownFileType = sourcecode.c.h; name = DSTableDetailCell.h; path = CustomViews/Base/DSTableDetailCell.h; sourceTree = "<group>"; };
		5847E0571DF7E7B000995ABE /* DSTableDetailCell.m */ = {isa = PBXFileReference; fileEncoding = 4; lastKnownFileType = sourcecode.c.objc; name = DSTableDetailCell.m; path = CustomViews/Base/DSTableDetailCell.m; sourceTree = "<group>"; };
		5847E0591DF7EC5300995ABE /* Constants.h */ = {isa = PBXFileReference; lastKnownFileType = sourcecode.c.h; name = Constants.h; path = Common/Headers/Constants.h; sourceTree = "<group>"; };
		5847E05A1DF7EC9900995ABE /* Macros.h */ = {isa = PBXFileReference; lastKnownFileType = sourcecode.c.h; name = Macros.h; path = Common/Headers/Macros.h; sourceTree = "<group>"; };
		5847E05B1DF7EF5600995ABE /* dqxSkillSmltr.pch */ = {isa = PBXFileReference; lastKnownFileType = sourcecode.c.h; path = dqxSkillSmltr.pch; sourceTree = "<group>"; };
		5847E05C1DF7EFFC00995ABE /* UIImage+Common.h */ = {isa = PBXFileReference; lastKnownFileType = sourcecode.c.h; name = "UIImage+Common.h"; path = "Common/Plugin/UIImage+Common.h"; sourceTree = "<group>"; };
		5847E05D1DF7F03200995ABE /* UIImage+Common.m */ = {isa = PBXFileReference; fileEncoding = 4; lastKnownFileType = sourcecode.c.objc; name = "UIImage+Common.m"; path = "Common/Plugin/UIImage+Common.m"; sourceTree = "<group>"; };
		5847E05F1DF7FCC300995ABE /* DSTableHeaderView.h */ = {isa = PBXFileReference; lastKnownFileType = sourcecode.c.h; name = DSTableHeaderView.h; path = CustomViews/Base/DSTableHeaderView.h; sourceTree = "<group>"; };
		5847E0601DF7FCD800995ABE /* DSTableHeaderView.m */ = {isa = PBXFileReference; fileEncoding = 4; lastKnownFileType = sourcecode.c.objc; name = DSTableHeaderView.m; path = CustomViews/Base/DSTableHeaderView.m; sourceTree = "<group>"; };
		5847E0621DF8004400995ABE /* DSSkillDetailItem.h */ = {isa = PBXFileReference; lastKnownFileType = sourcecode.c.h; name = DSSkillDetailItem.h; path = Models/DSSkillDetailItem.h; sourceTree = "<group>"; };
		5847E0631DF8005000995ABE /* DSSkillDetailItem.m */ = {isa = PBXFileReference; fileEncoding = 4; lastKnownFileType = sourcecode.c.objc; name = DSSkillDetailItem.m; path = Models/DSSkillDetailItem.m; sourceTree = "<group>"; };
		5847E0651DF80CF400995ABE /* DSTableSkillPointCell.h */ = {isa = PBXFileReference; lastKnownFileType = sourcecode.c.h; name = DSTableSkillPointCell.h; path = CustomViews/SkillPoint/DSTableSkillPointCell.h; sourceTree = "<group>"; };
		5847E0661DF80D0500995ABE /* DSTableSkillPointCell.m */ = {isa = PBXFileReference; fileEncoding = 4; lastKnownFileType = sourcecode.c.objc; name = DSTableSkillPointCell.m; path = CustomViews/SkillPoint/DSTableSkillPointCell.m; sourceTree = "<group>"; };
		5847E06B1DF80DE300995ABE /* DSTableSkillPointCellItem.m */ = {isa = PBXFileReference; fileEncoding = 4; lastKnownFileType = sourcecode.c.objc; name = DSTableSkillPointCellItem.m; path = Models/DSTableSkillPointCellItem.m; sourceTree = "<group>"; };
		5847E06C1DF80DE300995ABE /* DSTableSkillPointCellItem.h */ = {isa = PBXFileReference; fileEncoding = 4; lastKnownFileType = sourcecode.c.h; name = DSTableSkillPointCellItem.h; path = Models/DSTableSkillPointCellItem.h; sourceTree = "<group>"; };
		5847E06F1DF964C700995ABE /* DSJobSkillPointViewController.h */ = {isa = PBXFileReference; lastKnownFileType = sourcecode.c.h; name = DSJobSkillPointViewController.h; path = ViewControllers/SkillPoint/DSJobSkillPointViewController.h; sourceTree = "<group>"; };
		5847E0701DF964D700995ABE /* DSJobSkillPointViewController.m */ = {isa = PBXFileReference; fileEncoding = 4; lastKnownFileType = sourcecode.c.objc; name = DSJobSkillPointViewController.m; path = ViewControllers/SkillPoint/DSJobSkillPointViewController.m; sourceTree = "<group>"; };
		5847E0751DFE3E6600995ABE /* DSTableJobLevelCell.h */ = {isa = PBXFileReference; fileEncoding = 4; lastKnownFileType = sourcecode.c.h; name = DSTableJobLevelCell.h; path = CustomViews/SkillPoint/DSTableJobLevelCell.h; sourceTree = "<group>"; };
		5847E0761DFE3E6600995ABE /* DSTableJobLevelCell.m */ = {isa = PBXFileReference; fileEncoding = 4; lastKnownFileType = sourcecode.c.objc; name = DSTableJobLevelCell.m; path = CustomViews/SkillPoint/DSTableJobLevelCell.m; sourceTree = "<group>"; };
		5847E0781DFE3F3500995ABE /* DSTableJobLevelCellItem.h */ = {isa = PBXFileReference; lastKnownFileType = sourcecode.c.h; name = DSTableJobLevelCellItem.h; path = Models/DSTableJobLevelCellItem.h; sourceTree = "<group>"; };
		5847E0791DFE3F4800995ABE /* DSTableJobLevelCellItem.m */ = {isa = PBXFileReference; fileEncoding = 4; lastKnownFileType = sourcecode.c.objc; name = DSTableJobLevelCellItem.m; path = Models/DSTableJobLevelCellItem.m; sourceTree = "<group>"; };
		5847E07B1DFE45C100995ABE /* DSJobLevelSettingViewController.h */ = {isa = PBXFileReference; lastKnownFileType = sourcecode.c.h; name = DSJobLevelSettingViewController.h; path = ViewControllers/SkillPoint/DSJobLevelSettingViewController.h; sourceTree = "<group>"; };
		5847E07C1DFE45CF00995ABE /* DSJobLevelSettingViewController.m */ = {isa = PBXFileReference; fileEncoding = 4; lastKnownFileType = sourcecode.c.objc; name = DSJobLevelSettingViewController.m; path = ViewControllers/SkillPoint/DSJobLevelSettingViewController.m; sourceTree = "<group>"; };
		5847E07E1DFE968700995ABE /* DSSkillPointSettingViewController.h */ = {isa = PBXFileReference; lastKnownFileType = sourcecode.c.h; name = DSSkillPointSettingViewController.h; path = ViewControllers/SkillPoint/DSSkillPointSettingViewController.h; sourceTree = "<group>"; };
		5847E07F1DFE969A00995ABE /* DSSkillPointSettingViewController.m */ = {isa = PBXFileReference; fileEncoding = 4; lastKnownFileType = sourcecode.c.objc; name = DSSkillPointSettingViewController.m; path = ViewControllers/SkillPoint/DSSkillPointSettingViewController.m; sourceTree = "<group>"; };
		5847E0831DFE97F600995ABE /* DZNSegmentedControl.h */ = {isa = PBXFileReference; lastKnownFileType = sourcecode.c.h; name = DZNSegmentedControl.h; path = Vendors/DZNSegmentedControl/DZNSegmentedControl.h; sourceTree = "<group>"; };
		5847E0841DFE980300995ABE /* DZNSegmentedControl.m */ = {isa = PBXFileReference; fileEncoding = 4; lastKnownFileType = sourcecode.c.objc; name = DZNSegmentedControl.m; path = Vendors/DZNSegmentedControl/DZNSegmentedControl.m; sourceTree = "<group>"; };
		5847E0861DFE9E6100995ABE /* DSTableSkillPointSettingCell.h */ = {isa = PBXFileReference; lastKnownFileType = sourcecode.c.h; name = DSTableSkillPointSettingCell.h; path = CustomViews/SkillPoint/DSTableSkillPointSettingCell.h; sourceTree = "<group>"; };
		5847E0871DFE9E7500995ABE /* DSTableSkillPointSettingCell.m */ = {isa = PBXFileReference; fileEncoding = 4; lastKnownFileType = sourcecode.c.objc; name = DSTableSkillPointSettingCell.m; path = CustomViews/SkillPoint/DSTableSkillPointSettingCell.m; sourceTree = "<group>"; };
		5847E0891DFEC6B700995ABE /* DSGlobalJobInfo.h */ = {isa = PBXFileReference; lastKnownFileType = sourcecode.c.h; name = DSGlobalJobInfo.h; path = Models/DSGlobalJobInfo.h; sourceTree = "<group>"; };
		5847E08A1DFEC6C500995ABE /* DSGlobalJobInfo.m */ = {isa = PBXFileReference; fileEncoding = 4; lastKnownFileType = sourcecode.c.objc; name = DSGlobalJobInfo.m; path = Models/DSGlobalJobInfo.m; sourceTree = "<group>"; };
		5847E08C1E0008F300995ABE /* DSTableSkillPointSettingCellItem.h */ = {isa = PBXFileReference; lastKnownFileType = sourcecode.c.h; name = DSTableSkillPointSettingCellItem.h; path = Models/DSTableSkillPointSettingCellItem.h; sourceTree = "<group>"; };
		5847E08D1E00090000995ABE /* DSTableSkillPointSettingCellItem.m */ = {isa = PBXFileReference; fileEncoding = 4; lastKnownFileType = sourcecode.c.objc; name = DSTableSkillPointSettingCellItem.m; path = Models/DSTableSkillPointSettingCellItem.m; sourceTree = "<group>"; };
		5847E08F1E0214B700995ABE /* DSTableSkillPointSettingUnusedCell.h */ = {isa = PBXFileReference; lastKnownFileType = sourcecode.c.h; name = DSTableSkillPointSettingUnusedCell.h; path = CustomViews/SkillPoint/DSTableSkillPointSettingUnusedCell.h; sourceTree = "<group>"; };
		5847E0901E0214C800995ABE /* DSTableSkillPointSettingUnusedCell.m */ = {isa = PBXFileReference; fileEncoding = 4; lastKnownFileType = sourcecode.c.objc; name = DSTableSkillPointSettingUnusedCell.m; path = CustomViews/SkillPoint/DSTableSkillPointSettingUnusedCell.m; sourceTree = "<group>"; };
		5847E0921E02340E00995ABE /* DSTableSkillPointSettingFooterCell.h */ = {isa = PBXFileReference; lastKnownFileType = sourcecode.c.h; name = DSTableSkillPointSettingFooterCell.h; path = CustomViews/SkillPoint/DSTableSkillPointSettingFooterCell.h; sourceTree = "<group>"; };
		5847E0931E02341B00995ABE /* DSTableSkillPointSettingFooterCell.m */ = {isa = PBXFileReference; fileEncoding = 4; lastKnownFileType = sourcecode.c.objc; name = DSTableSkillPointSettingFooterCell.m; path = CustomViews/SkillPoint/DSTableSkillPointSettingFooterCell.m; sourceTree = "<group>"; };
		58D40C281DFFB77300F9A520 /* DSGlobalSkillInfo.h */ = {isa = PBXFileReference; lastKnownFileType = sourcecode.c.h; name = DSGlobalSkillInfo.h; path = Models/DSGlobalSkillInfo.h; sourceTree = "<group>"; };
		58D40C291DFFB79700F9A520 /* DSGlobalSkillInfo.m */ = {isa = PBXFileReference; fileEncoding = 4; lastKnownFileType = sourcecode.c.objc; name = DSGlobalSkillInfo.m; path = Models/DSGlobalSkillInfo.m; sourceTree = "<group>"; };
		CBCF237399FB5CB14169E76F /* libPods-dqxSkillSmltr.a */ = {isa = PBXFileReference; explicitFileType = archive.ar; includeInIndex = 0; path = "libPods-dqxSkillSmltr.a"; sourceTree = BUILT_PRODUCTS_DIR; };
/* End PBXFileReference section */

/* Begin PBXFrameworksBuildPhase section */
		5847E0121DF7B10E00995ABE /* Frameworks */ = {
			isa = PBXFrameworksBuildPhase;
			buildActionMask = 2147483647;
			files = (
				EAE3AC85618B130CE7AE216A /* libPods-dqxSkillSmltr.a in Frameworks */,
			);
			runOnlyForDeploymentPostprocessing = 0;
		};
/* End PBXFrameworksBuildPhase section */

/* Begin PBXGroup section */
		3DB2EED422362A939C1C7BE1 /* Pods */ = {
			isa = PBXGroup;
			children = (
				198A39D73A5F316988FBED67 /* Pods-dqxSkillSmltr.debug.xcconfig */,
				0BDBCB92757387FC10ECA767 /* Pods-dqxSkillSmltr.release.xcconfig */,
			);
			name = Pods;
			sourceTree = "<group>";
		};
		5847E00C1DF7B10E00995ABE = {
			isa = PBXGroup;
			children = (
				5847E0171DF7B10E00995ABE /* dqxSkillSmltr */,
				5847E0161DF7B10E00995ABE /* Products */,
				3DB2EED422362A939C1C7BE1 /* Pods */,
				E11B6DE65C888781723133B1 /* Frameworks */,
			);
			sourceTree = "<group>";
		};
		5847E0161DF7B10E00995ABE /* Products */ = {
			isa = PBXGroup;
			children = (
				5847E0151DF7B10E00995ABE /* dqxSkillSmltr.app */,
			);
			name = Products;
			sourceTree = "<group>";
		};
		5847E0171DF7B10E00995ABE /* dqxSkillSmltr */ = {
			isa = PBXGroup;
			children = (
				5847E0811DFE97AC00995ABE /* Vendors */,
				5847E0311DF7B18D00995ABE /* Models */,
				5847E0301DF7B18500995ABE /* CustomViews */,
				5847E02F1DF7B17900995ABE /* Common */,
				5847E0321DF7B19600995ABE /* ViewControllers */,
				5847E01B1DF7B10E00995ABE /* AppDelegate.h */,
				5847E01C1DF7B10E00995ABE /* AppDelegate.m */,
				5847E0211DF7B10E00995ABE /* Main.storyboard */,
				5847E0241DF7B10E00995ABE /* Assets.xcassets */,
				5847E0261DF7B10E00995ABE /* LaunchScreen.storyboard */,
				5847E0291DF7B10E00995ABE /* Info.plist */,
				5847E0181DF7B10E00995ABE /* Supporting Files */,
			);
			path = dqxSkillSmltr;
			sourceTree = "<group>";
		};
		5847E0181DF7B10E00995ABE /* Supporting Files */ = {
			isa = PBXGroup;
			children = (
				5847E0191DF7B10E00995ABE /* main.m */,
				5847E05B1DF7EF5600995ABE /* dqxSkillSmltr.pch */,
			);
			name = "Supporting Files";
			sourceTree = "<group>";
		};
		5847E02F1DF7B17900995ABE /* Common */ = {
			isa = PBXGroup;
			children = (
				5847E03D1DF7B52A00995ABE /* Plugin */,
				5847E03C1DF7B50F00995ABE /* Headers */,
			);
			name = Common;
			sourceTree = "<group>";
		};
		5847E0301DF7B18500995ABE /* CustomViews */ = {
			isa = PBXGroup;
			children = (
				5847E0531DF7E6E100995ABE /* SkillPoint */,
				5847E0551DF7E6FA00995ABE /* SkillHistory */,
				5847E0541DF7E6F000995ABE /* SkillDetail */,
				5847E03B1DF7B47100995ABE /* Base */,
			);
			name = CustomViews;
			sourceTree = "<group>";
		};
		5847E0311DF7B18D00995ABE /* Models */ = {
			isa = PBXGroup;
			children = (
				5847E06B1DF80DE300995ABE /* DSTableSkillPointCellItem.m */,
				5847E06C1DF80DE300995ABE /* DSTableSkillPointCellItem.h */,
				5847E0621DF8004400995ABE /* DSSkillDetailItem.h */,
				5847E0631DF8005000995ABE /* DSSkillDetailItem.m */,
				5847E0781DFE3F3500995ABE /* DSTableJobLevelCellItem.h */,
				5847E0791DFE3F4800995ABE /* DSTableJobLevelCellItem.m */,
				5847E0891DFEC6B700995ABE /* DSGlobalJobInfo.h */,
				5847E08A1DFEC6C500995ABE /* DSGlobalJobInfo.m */,
				58D40C281DFFB77300F9A520 /* DSGlobalSkillInfo.h */,
				58D40C291DFFB79700F9A520 /* DSGlobalSkillInfo.m */,
				5847E08C1E0008F300995ABE /* DSTableSkillPointSettingCellItem.h */,
				5847E08D1E00090000995ABE /* DSTableSkillPointSettingCellItem.m */,
			);
			name = Models;
			sourceTree = "<group>";
		};
		5847E0321DF7B19600995ABE /* ViewControllers */ = {
			isa = PBXGroup;
			children = (
				5847E0371DF7B3E300995ABE /* Base */,
				5847E0391DF7B41E00995ABE /* SkillPoint */,
				5847E0381DF7B3ED00995ABE /* SkillDetail */,
				5847E03A1DF7B43300995ABE /* SkillHistory */,
				5847E0331DF7B26100995ABE /* TabBar */,
			);
			name = ViewControllers;
			sourceTree = "<group>";
		};
		5847E0331DF7B26100995ABE /* TabBar */ = {
			isa = PBXGroup;
			children = (
				5847E0441DF7B73E00995ABE /* DSTabBarController.m */,
				5847E0451DF7B73E00995ABE /* DSTabBarController.h */,
			);
			name = TabBar;
			sourceTree = "<group>";
		};
		5847E0371DF7B3E300995ABE /* Base */ = {
			isa = PBXGroup;
			children = (
				5847E0471DF7B76100995ABE /* DSBaseViewController.m */,
				5847E0481DF7B76100995ABE /* DSBaseViewController.h */,
			);
			name = Base;
			sourceTree = "<group>";
		};
		5847E0381DF7B3ED00995ABE /* SkillDetail */ = {
			isa = PBXGroup;
			children = (
				5847E0411DF7B6FD00995ABE /* DSSkillDetailViewController.h */,
				5847E0421DF7B71400995ABE /* DSSkillDetailViewController.m */,
			);
			name = SkillDetail;
			sourceTree = "<group>";
		};
		5847E0391DF7B41E00995ABE /* SkillPoint */ = {
			isa = PBXGroup;
			children = (
				5847E04D1DF7B7BD00995ABE /* DSSkillPointViewController.h */,
				5847E04E1DF7B7CB00995ABE /* DSSkillPointViewController.m */,
				5847E06F1DF964C700995ABE /* DSJobSkillPointViewController.h */,
				5847E0701DF964D700995ABE /* DSJobSkillPointViewController.m */,
				5847E07B1DFE45C100995ABE /* DSJobLevelSettingViewController.h */,
				5847E07C1DFE45CF00995ABE /* DSJobLevelSettingViewController.m */,
				5847E07E1DFE968700995ABE /* DSSkillPointSettingViewController.h */,
				5847E07F1DFE969A00995ABE /* DSSkillPointSettingViewController.m */,
			);
			name = SkillPoint;
			sourceTree = "<group>";
		};
		5847E03A1DF7B43300995ABE /* SkillHistory */ = {
			isa = PBXGroup;
			children = (
				5847E04A1DF7B79200995ABE /* DSSkillHistoryViewController.h */,
				5847E04B1DF7B79F00995ABE /* DSSkillHistoryViewController.m */,
			);
			name = SkillHistory;
			sourceTree = "<group>";
		};
		5847E03B1DF7B47100995ABE /* Base */ = {
			isa = PBXGroup;
			children = (
				5847E0501DF7E65E00995ABE /* DSBaseCell.h */,
				5847E0511DF7E66F00995ABE /* DSBaseCell.m */,
				5847E0561DF7E7A400995ABE /* DSTableDetailCell.h */,
				5847E0571DF7E7B000995ABE /* DSTableDetailCell.m */,
				5847E05F1DF7FCC300995ABE /* DSTableHeaderView.h */,
				5847E0601DF7FCD800995ABE /* DSTableHeaderView.m */,
			);
			name = Base;
			sourceTree = "<group>";
		};
		5847E03C1DF7B50F00995ABE /* Headers */ = {
			isa = PBXGroup;
			children = (
				5847E0591DF7EC5300995ABE /* Constants.h */,
				5847E05A1DF7EC9900995ABE /* Macros.h */,
			);
			name = Headers;
			sourceTree = "<group>";
		};
		5847E03D1DF7B52A00995ABE /* Plugin */ = {
			isa = PBXGroup;
			children = (
				5847E05C1DF7EFFC00995ABE /* UIImage+Common.h */,
				5847E05D1DF7F03200995ABE /* UIImage+Common.m */,
			);
			name = Plugin;
			sourceTree = "<group>";
		};
		5847E0531DF7E6E100995ABE /* SkillPoint */ = {
			isa = PBXGroup;
			children = (
				5847E0751DFE3E6600995ABE /* DSTableJobLevelCell.h */,
				5847E0761DFE3E6600995ABE /* DSTableJobLevelCell.m */,
				5847E0651DF80CF400995ABE /* DSTableSkillPointCell.h */,
				5847E0661DF80D0500995ABE /* DSTableSkillPointCell.m */,
				5847E0861DFE9E6100995ABE /* DSTableSkillPointSettingCell.h */,
				5847E0871DFE9E7500995ABE /* DSTableSkillPointSettingCell.m */,
				5847E08F1E0214B700995ABE /* DSTableSkillPointSettingUnusedCell.h */,
				5847E0901E0214C800995ABE /* DSTableSkillPointSettingUnusedCell.m */,
				5847E0921E02340E00995ABE /* DSTableSkillPointSettingFooterCell.h */,
				5847E0931E02341B00995ABE /* DSTableSkillPointSettingFooterCell.m */,
			);
			name = SkillPoint;
			sourceTree = "<group>";
		};
		5847E0541DF7E6F000995ABE /* SkillDetail */ = {
			isa = PBXGroup;
			children = (
			);
			name = SkillDetail;
			sourceTree = "<group>";
		};
		5847E0551DF7E6FA00995ABE /* SkillHistory */ = {
			isa = PBXGroup;
			children = (
			);
			name = SkillHistory;
			sourceTree = "<group>";
		};
		5847E0811DFE97AC00995ABE /* Vendors */ = {
			isa = PBXGroup;
			children = (
				5847E0821DFE97B500995ABE /* DZNSegmentedControl */,
			);
			name = Vendors;
			sourceTree = "<group>";
		};
		5847E0821DFE97B500995ABE /* DZNSegmentedControl */ = {
			isa = PBXGroup;
			children = (
				5847E0831DFE97F600995ABE /* DZNSegmentedControl.h */,
				5847E0841DFE980300995ABE /* DZNSegmentedControl.m */,
			);
			name = DZNSegmentedControl;
			sourceTree = "<group>";
		};
		E11B6DE65C888781723133B1 /* Frameworks */ = {
			isa = PBXGroup;
			children = (
				CBCF237399FB5CB14169E76F /* libPods-dqxSkillSmltr.a */,
			);
			name = Frameworks;
			sourceTree = "<group>";
		};
/* End PBXGroup section */

/* Begin PBXNativeTarget section */
		5847E0141DF7B10E00995ABE /* dqxSkillSmltr */ = {
			isa = PBXNativeTarget;
			buildConfigurationList = 5847E02C1DF7B10E00995ABE /* Build configuration list for PBXNativeTarget "dqxSkillSmltr" */;
			buildPhases = (
				D23CEB34734FA495150A1543 /* [CP] Check Pods Manifest.lock */,
				5847E0111DF7B10E00995ABE /* Sources */,
				5847E0121DF7B10E00995ABE /* Frameworks */,
				5847E0131DF7B10E00995ABE /* Resources */,
				F7B0F4E8ACBF016F5F1F2FD5 /* [CP] Embed Pods Frameworks */,
				ECAD2410FF4AB3A60E66AD05 /* [CP] Copy Pods Resources */,
			);
			buildRules = (
			);
			dependencies = (
			);
			name = dqxSkillSmltr;
			productName = dqxSkillSmltr;
			productReference = 5847E0151DF7B10E00995ABE /* dqxSkillSmltr.app */;
			productType = "com.apple.product-type.application";
		};
/* End PBXNativeTarget section */

/* Begin PBXProject section */
		5847E00D1DF7B10E00995ABE /* Project object */ = {
			isa = PBXProject;
			attributes = {
				LastUpgradeCheck = 0810;
				ORGANIZATIONNAME = HANSHAOWEN;
				TargetAttributes = {
					5847E0141DF7B10E00995ABE = {
						CreatedOnToolsVersion = 8.1;
						DevelopmentTeam = 887CVK63XR;
						ProvisioningStyle = Automatic;
					};
				};
			};
			buildConfigurationList = 5847E0101DF7B10E00995ABE /* Build configuration list for PBXProject "dqxSkillSmltr" */;
			compatibilityVersion = "Xcode 3.2";
			developmentRegion = English;
			hasScannedForEncodings = 0;
			knownRegions = (
				en,
				Base,
			);
			mainGroup = 5847E00C1DF7B10E00995ABE;
			productRefGroup = 5847E0161DF7B10E00995ABE /* Products */;
			projectDirPath = "";
			projectRoot = "";
			targets = (
				5847E0141DF7B10E00995ABE /* dqxSkillSmltr */,
			);
		};
/* End PBXProject section */

/* Begin PBXResourcesBuildPhase section */
		5847E0131DF7B10E00995ABE /* Resources */ = {
			isa = PBXResourcesBuildPhase;
			buildActionMask = 2147483647;
			files = (
				5847E0281DF7B10E00995ABE /* LaunchScreen.storyboard in Resources */,
				5847E0251DF7B10E00995ABE /* Assets.xcassets in Resources */,
				5847E0231DF7B10E00995ABE /* Main.storyboard in Resources */,
			);
			runOnlyForDeploymentPostprocessing = 0;
		};
/* End PBXResourcesBuildPhase section */

/* Begin PBXShellScriptBuildPhase section */
		D23CEB34734FA495150A1543 /* [CP] Check Pods Manifest.lock */ = {
			isa = PBXShellScriptBuildPhase;
			buildActionMask = 2147483647;
			files = (
			);
			inputPaths = (
			);
			name = "[CP] Check Pods Manifest.lock";
			outputPaths = (
			);
			runOnlyForDeploymentPostprocessing = 0;
			shellPath = /bin/sh;
			shellScript = "diff \"${PODS_ROOT}/../Podfile.lock\" \"${PODS_ROOT}/Manifest.lock\" > /dev/null\nif [ $? != 0 ] ; then\n    # print error to STDERR\n    echo \"error: The sandbox is not in sync with the Podfile.lock. Run 'pod install' or update your CocoaPods installation.\" >&2\n    exit 1\nfi\n";
			showEnvVarsInLog = 0;
		};
		ECAD2410FF4AB3A60E66AD05 /* [CP] Copy Pods Resources */ = {
			isa = PBXShellScriptBuildPhase;
			buildActionMask = 2147483647;
			files = (
			);
			inputPaths = (
			);
			name = "[CP] Copy Pods Resources";
			outputPaths = (
			);
			runOnlyForDeploymentPostprocessing = 0;
			shellPath = /bin/sh;
			shellScript = "\"${SRCROOT}/Pods/Target Support Files/Pods-dqxSkillSmltr/Pods-dqxSkillSmltr-resources.sh\"\n";
			showEnvVarsInLog = 0;
		};
		F7B0F4E8ACBF016F5F1F2FD5 /* [CP] Embed Pods Frameworks */ = {
			isa = PBXShellScriptBuildPhase;
			buildActionMask = 2147483647;
			files = (
			);
			inputPaths = (
			);
			name = "[CP] Embed Pods Frameworks";
			outputPaths = (
			);
			runOnlyForDeploymentPostprocessing = 0;
			shellPath = /bin/sh;
			shellScript = "\"${SRCROOT}/Pods/Target Support Files/Pods-dqxSkillSmltr/Pods-dqxSkillSmltr-frameworks.sh\"\n";
			showEnvVarsInLog = 0;
		};
/* End PBXShellScriptBuildPhase section */

/* Begin PBXSourcesBuildPhase section */
		5847E0111DF7B10E00995ABE /* Sources */ = {
			isa = PBXSourcesBuildPhase;
			buildActionMask = 2147483647;
			files = (
				5847E0431DF7B71400995ABE /* DSSkillDetailViewController.m in Sources */,
				5847E0711DF964D700995ABE /* DSJobSkillPointViewController.m in Sources */,
				5847E0941E02341B00995ABE /* DSTableSkillPointSettingFooterCell.m in Sources */,
				5847E0771DFE3E6600995ABE /* DSTableJobLevelCell.m in Sources */,
				58D40C2A1DFFB79700F9A520 /* DSGlobalSkillInfo.m in Sources */,
				5847E0911E0214C800995ABE /* DSTableSkillPointSettingUnusedCell.m in Sources */,
				5847E0581DF7E7B000995ABE /* DSTableDetailCell.m in Sources */,
				5847E0641DF8005000995ABE /* DSSkillDetailItem.m in Sources */,
				5847E0851DFE980300995ABE /* DZNSegmentedControl.m in Sources */,
				5847E06D1DF80DE300995ABE /* DSTableSkillPointCellItem.m in Sources */,
				5847E0881DFE9E7500995ABE /* DSTableSkillPointSettingCell.m in Sources */,
				5847E0521DF7E66F00995ABE /* DSBaseCell.m in Sources */,
				5847E04F1DF7B7CB00995ABE /* DSSkillPointViewController.m in Sources */,
				5847E0611DF7FCD800995ABE /* DSTableHeaderView.m in Sources */,
				5847E08B1DFEC6C500995ABE /* DSGlobalJobInfo.m in Sources */,
				5847E0801DFE969A00995ABE /* DSSkillPointSettingViewController.m in Sources */,
				5847E01D1DF7B10E00995ABE /* AppDelegate.m in Sources */,
				5847E0461DF7B73E00995ABE /* DSTabBarController.m in Sources */,
				5847E05E1DF7F03200995ABE /* UIImage+Common.m in Sources */,
				5847E01A1DF7B10E00995ABE /* main.m in Sources */,
				5847E08E1E00090000995ABE /* DSTableSkillPointSettingCellItem.m in Sources */,
				5847E07D1DFE45CF00995ABE /* DSJobLevelSettingViewController.m in Sources */,
				5847E0671DF80D0500995ABE /* DSTableSkillPointCell.m in Sources */,
				5847E04C1DF7B79F00995ABE /* DSSkillHistoryViewController.m in Sources */,
				5847E07A1DFE3F4800995ABE /* DSTableJobLevelCellItem.m in Sources */,
				5847E0491DF7B76100995ABE /* DSBaseViewController.m in Sources */,
			);
			runOnlyForDeploymentPostprocessing = 0;
		};
/* End PBXSourcesBuildPhase section */

/* Begin PBXVariantGroup section */
		5847E0211DF7B10E00995ABE /* Main.storyboard */ = {
			isa = PBXVariantGroup;
			children = (
				5847E0221DF7B10E00995ABE /* Base */,
			);
			name = Main.storyboard;
			sourceTree = "<group>";
		};
		5847E0261DF7B10E00995ABE /* LaunchScreen.storyboard */ = {
			isa = PBXVariantGroup;
			children = (
				5847E0271DF7B10E00995ABE /* Base */,
			);
			name = LaunchScreen.storyboard;
			sourceTree = "<group>";
		};
/* End PBXVariantGroup section */

/* Begin XCBuildConfiguration section */
		5847E02A1DF7B10E00995ABE /* Debug */ = {
			isa = XCBuildConfiguration;
			buildSettings = {
				ALWAYS_SEARCH_USER_PATHS = NO;
				CLANG_ANALYZER_NONNULL = YES;
				CLANG_CXX_LANGUAGE_STANDARD = "gnu++0x";
				CLANG_CXX_LIBRARY = "libc++";
				CLANG_ENABLE_MODULES = YES;
				CLANG_ENABLE_OBJC_ARC = YES;
				CLANG_WARN_BOOL_CONVERSION = YES;
				CLANG_WARN_CONSTANT_CONVERSION = YES;
				CLANG_WARN_DIRECT_OBJC_ISA_USAGE = YES_ERROR;
				CLANG_WARN_DOCUMENTATION_COMMENTS = YES;
				CLANG_WARN_EMPTY_BODY = YES;
				CLANG_WARN_ENUM_CONVERSION = YES;
				CLANG_WARN_INFINITE_RECURSION = YES;
				CLANG_WARN_INT_CONVERSION = YES;
				CLANG_WARN_OBJC_ROOT_CLASS = YES_ERROR;
				CLANG_WARN_SUSPICIOUS_MOVES = YES;
				CLANG_WARN_UNREACHABLE_CODE = YES;
				CLANG_WARN__DUPLICATE_METHOD_MATCH = YES;
				"CODE_SIGN_IDENTITY[sdk=iphoneos*]" = "iPhone Developer";
				COPY_PHASE_STRIP = NO;
				DEBUG_INFORMATION_FORMAT = dwarf;
				ENABLE_STRICT_OBJC_MSGSEND = YES;
				ENABLE_TESTABILITY = YES;
				GCC_C_LANGUAGE_STANDARD = gnu99;
				GCC_DYNAMIC_NO_PIC = NO;
				GCC_NO_COMMON_BLOCKS = YES;
				GCC_OPTIMIZATION_LEVEL = 0;
				GCC_PREPROCESSOR_DEFINITIONS = (
					"DEBUG=1",
					"$(inherited)",
				);
				GCC_WARN_64_TO_32_BIT_CONVERSION = YES;
				GCC_WARN_ABOUT_RETURN_TYPE = YES_ERROR;
				GCC_WARN_UNDECLARED_SELECTOR = YES;
				GCC_WARN_UNINITIALIZED_AUTOS = YES_AGGRESSIVE;
				GCC_WARN_UNUSED_FUNCTION = YES;
				GCC_WARN_UNUSED_VARIABLE = YES;
				IPHONEOS_DEPLOYMENT_TARGET = 10.1;
				MTL_ENABLE_DEBUG_INFO = YES;
				ONLY_ACTIVE_ARCH = YES;
				SDKROOT = iphoneos;
			};
			name = Debug;
		};
		5847E02B1DF7B10E00995ABE /* Release */ = {
			isa = XCBuildConfiguration;
			buildSettings = {
				ALWAYS_SEARCH_USER_PATHS = NO;
				CLANG_ANALYZER_NONNULL = YES;
				CLANG_CXX_LANGUAGE_STANDARD = "gnu++0x";
				CLANG_CXX_LIBRARY = "libc++";
				CLANG_ENABLE_MODULES = YES;
				CLANG_ENABLE_OBJC_ARC = YES;
				CLANG_WARN_BOOL_CONVERSION = YES;
				CLANG_WARN_CONSTANT_CONVERSION = YES;
				CLANG_WARN_DIRECT_OBJC_ISA_USAGE = YES_ERROR;
				CLANG_WARN_DOCUMENTATION_COMMENTS = YES;
				CLANG_WARN_EMPTY_BODY = YES;
				CLANG_WARN_ENUM_CONVERSION = YES;
				CLANG_WARN_INFINITE_RECURSION = YES;
				CLANG_WARN_INT_CONVERSION = YES;
				CLANG_WARN_OBJC_ROOT_CLASS = YES_ERROR;
				CLANG_WARN_SUSPICIOUS_MOVES = YES;
				CLANG_WARN_UNREACHABLE_CODE = YES;
				CLANG_WARN__DUPLICATE_METHOD_MATCH = YES;
				"CODE_SIGN_IDENTITY[sdk=iphoneos*]" = "iPhone Developer";
				COPY_PHASE_STRIP = NO;
				DEBUG_INFORMATION_FORMAT = "dwarf-with-dsym";
				ENABLE_NS_ASSERTIONS = NO;
				ENABLE_STRICT_OBJC_MSGSEND = YES;
				GCC_C_LANGUAGE_STANDARD = gnu99;
				GCC_NO_COMMON_BLOCKS = YES;
				GCC_WARN_64_TO_32_BIT_CONVERSION = YES;
				GCC_WARN_ABOUT_RETURN_TYPE = YES_ERROR;
				GCC_WARN_UNDECLARED_SELECTOR = YES;
				GCC_WARN_UNINITIALIZED_AUTOS = YES_AGGRESSIVE;
				GCC_WARN_UNUSED_FUNCTION = YES;
				GCC_WARN_UNUSED_VARIABLE = YES;
				IPHONEOS_DEPLOYMENT_TARGET = 10.1;
				MTL_ENABLE_DEBUG_INFO = NO;
				SDKROOT = iphoneos;
				VALIDATE_PRODUCT = YES;
			};
			name = Release;
		};
		5847E02D1DF7B10E00995ABE /* Debug */ = {
			isa = XCBuildConfiguration;
			baseConfigurationReference = 198A39D73A5F316988FBED67 /* Pods-dqxSkillSmltr.debug.xcconfig */;
			buildSettings = {
				ASSETCATALOG_COMPILER_APPICON_NAME = AppIcon;
				"CODE_SIGN_IDENTITY[sdk=iphoneos*]" = "iPhone Developer";
				DEVELOPMENT_TEAM = 887CVK63XR;
				GCC_PRECOMPILE_PREFIX_HEADER = YES;
				GCC_PREFIX_HEADER = dqxSkillSmltr/dqxSkillSmltr.pch;
				INFOPLIST_FILE = dqxSkillSmltr/Info.plist;
				IPHONEOS_DEPLOYMENT_TARGET = 8.0;
				LD_RUNPATH_SEARCH_PATHS = "$(inherited) @executable_path/Frameworks";
				PRODUCT_BUNDLE_IDENTIFIER = cn.mengyoutu.dqxSkillSmltr;
				PRODUCT_NAME = "$(TARGET_NAME)";
			};
			name = Debug;
		};
		5847E02E1DF7B10E00995ABE /* Release */ = {
			isa = XCBuildConfiguration;
			baseConfigurationReference = 0BDBCB92757387FC10ECA767 /* Pods-dqxSkillSmltr.release.xcconfig */;
			buildSettings = {
				ASSETCATALOG_COMPILER_APPICON_NAME = AppIcon;
				"CODE_SIGN_IDENTITY[sdk=iphoneos*]" = "iPhone Developer";
				DEVELOPMENT_TEAM = 887CVK63XR;
				GCC_PRECOMPILE_PREFIX_HEADER = YES;
				GCC_PREFIX_HEADER = dqxSkillSmltr/dqxSkillSmltr.pch;
				INFOPLIST_FILE = dqxSkillSmltr/Info.plist;
				IPHONEOS_DEPLOYMENT_TARGET = 8.0;
				LD_RUNPATH_SEARCH_PATHS = "$(inherited) @executable_path/Frameworks";
				PRODUCT_BUNDLE_IDENTIFIER = cn.mengyoutu.dqxSkillSmltr;
				PRODUCT_NAME = "$(TARGET_NAME)";
			};
			name = Release;
		};
/* End XCBuildConfiguration section */

/* Begin XCConfigurationList section */
		5847E0101DF7B10E00995ABE /* Build configuration list for PBXProject "dqxSkillSmltr" */ = {
			isa = XCConfigurationList;
			buildConfigurations = (
				5847E02A1DF7B10E00995ABE /* Debug */,
				5847E02B1DF7B10E00995ABE /* Release */,
			);
			defaultConfigurationIsVisible = 0;
			defaultConfigurationName = Release;
		};
		5847E02C1DF7B10E00995ABE /* Build configuration list for PBXNativeTarget "dqxSkillSmltr" */ = {
			isa = XCConfigurationList;
			buildConfigurations = (
				5847E02D1DF7B10E00995ABE /* Debug */,
				5847E02E1DF7B10E00995ABE /* Release */,
			);
			defaultConfigurationIsVisible = 0;
			defaultConfigurationName = Release;
		};
/* End XCConfigurationList section */
	};
	rootObject = 5847E00D1DF7B10E00995ABE /* Project object */;
}
